
Microsoft Visual Studio Solution File, Format Version 12.00
# Visual Studio 14
VisualStudioVersion = 14.0.25420.1
MinimumVisualStudioVersion = 10.0.40219.1
Project("{8BC9CEB8-8B4A-11D0-8D11-00A0C91BC942}") = "ex_12_11_cpp_add_elements_quiz", "ex_12_11_cpp_add_elements_quiz\ex_12_11_cpp_add_elements_quiz.vcxproj", "{3055ECC9-3C49-4B53-902E-5BE3395186B6}"
EndProject
Global
	GlobalSection(SolutionConfigurationPlatforms) = preSolution
		Debug|x64 = Debug|x64
		Debug|x86 = Debug|x86
		Release|x64 = Release|x64
		Release|x86 = Release|x86
	EndGlobalSection
	GlobalSection(ProjectConfigurationPlatforms) = postSolution
		{3055ECC9-3C49-4B53-902E-5BE3395186B6}.Debug|x64.ActiveCfg = Debug|x64
		{3055ECC9-3C49-4B53-902E-5BE3395186B6}.Debug|x64.Build.0 = Debug|x64
		{3055ECC9-3C49-4B53-902E-5BE3395186B6}.Debug|x86.ActiveCfg = Debug|Win32
		{3055ECC9-3C49-4B53-902E-5BE3395186B6}.Debug|x86.Build.0 = Debug|Win32
		{3055ECC9-3C49-4B53-902E-5BE3395186B6}.Release|x64.ActiveCfg = Release|x64
		{3055ECC9-3C49-4B53-902E-5BE3395186B6}.Release|x64.Build.0 = Release|x64
		{3055ECC9-3C49-4B53-902E-5BE3395186B6}.Release|x86.ActiveCfg = Release|Win32
		{3055ECC9-3C49-4B53-902E-5BE3395186B6}.Release|x86.Build.0 = Release|Win32
	EndGlobalSection
	GlobalSection(SolutionProperties) = preSolution
		HideSolutionNode = FALSE
	EndGlobalSection
EndGlobal
